# THIS IS AN AUTOGENERATED FILE. DO NOT EDIT THIS FILE DIRECTLY.
# yarn lockfile v1


"@types/docker-modem@*":
  version "3.0.2"
  resolved "https://registry.npmjs.org/@types/docker-modem/-/docker-modem-3.0.2.tgz#c49c902e17364fc724e050db5c1d2b298c6379d4"
  integrity sha512-qC7prjoEYR2QEe6SmCVfB1x3rfcQtUr1n4x89+3e0wSTMQ/KYCyf+/RAA9n2tllkkNc6//JMUZePdFRiGIWfaQ==
  dependencies:
    "@types/node" "*"
    "@types/ssh2" "*"

"@types/dockerode@^3.3.0":
  version "3.3.8"
  resolved "https://registry.npmjs.org/@types/dockerode/-/dockerode-3.3.8.tgz#afb844b8e8cf54160e1686832903a1444912ff79"
  integrity sha512-/Hip29GzPBWfbSS87lyQDVoB7Ja+kr8oOFWXsySxNFa7jlyj3Yws8LaZRmn1xZl7uJH3Xxsg0oI09GHpT1pIBw==
  dependencies:
    "@types/docker-modem" "*"
    "@types/node" "*"

"@types/node@*":
  version "17.0.24"
  resolved "https://registry.npmjs.org/@types/node/-/node-17.0.24.tgz#20ba1bf69c1b4ab405c7a01e950c4f446b05029f"
  integrity sha512-aveCYRQbgTH9Pssp1voEP7HiuWlD2jW2BO56w+bVrJn04i61yh6mRfoKO6hEYQD9vF+W8Chkwc6j1M36uPkx4g==

"@types/ssh2-streams@*":
  version "0.1.9"
  resolved "https://registry.npmjs.org/@types/ssh2-streams/-/ssh2-streams-0.1.9.tgz#8ca51b26f08750a780f82ee75ff18d7160c07a87"
  integrity sha512-I2J9jKqfmvXLR5GomDiCoHrEJ58hAOmFrekfFqmCFd+A6gaEStvWnPykoWUwld1PNg4G5ag1LwdA+Lz1doRJqg==
  dependencies:
    "@types/node" "*"

"@types/ssh2@*":
  version "0.5.52"
  resolved "https://registry.npmjs.org/@types/ssh2/-/ssh2-0.5.52.tgz#9dbd8084e2a976e551d5e5e70b978ed8b5965741"
  integrity sha512-lbLLlXxdCZOSJMCInKH2+9V/77ET2J6NPQHpFI0kda61Dd1KglJs+fPQBchizmzYSOJBgdTajhPqBO1xxLywvg==
  dependencies:
    "@types/node" "*"
    "@types/ssh2-streams" "*"
