# THIS IS AN AUTOGENERATED FILE. DO NOT EDIT THIS FILE DIRECTLY.
# yarn lockfile v1


"@types/docker-modem@*":
  version "3.0.2"
  resolved "https://registry.npmjs.org/@types/docker-modem/-/docker-modem-3.0.2.tgz#c49c902e17364fc724e050db5c1d2b298c6379d4"
  integrity sha512-qC7prjoEYR2QEe6SmCVfB1x3rfcQtUr1n4x89+3e0wSTMQ/KYCyf+/RAA9n2tllkkNc6//JMUZePdFRiGIWfaQ==
  dependencies:
    "@types/node" "*"
    "@types/ssh2" "*"

"@types/dockerode@^3.3.0":
  version "3.3.6"
  resolved "https://registry.npmjs.org/@types/dockerode/-/dockerode-3.3.6.tgz#14b7f1f7b5d2a2d3929440c8e3d1020daf182e65"
  integrity sha512-jzL+tRwmtsqWT4owNTHmEWUexkeWLSirXFbWZzx/N5jX7hPIrbF5K8e8OPhYsqQrilqZSdcy6Y96iOXOxklvVA==
  dependencies:
    "@types/docker-modem" "*"
    "@types/node" "*"

"@types/node@*":
  version "16.11.6"
  resolved "https://registry.npmjs.org/@types/node/-/node-16.11.6.tgz#6bef7a2a0ad684cf6e90fcfe31cecabd9ce0a3ae"
  integrity sha512-ua7PgUoeQFjmWPcoo9khiPum3Pd60k4/2ZGXt18sm2Slk0W0xZTqt5Y0Ny1NyBiN1EVQ/+FaF9NcY4Qe6rwk5w==

"@types/ssh2-streams@*":
  version "0.1.8"
  resolved "https://registry.npmjs.org/@types/ssh2-streams/-/ssh2-streams-0.1.8.tgz#142af404dae059931aea7fcd1511b5478964feb6"
  integrity sha512-I7gixRPUvVIyJuCEvnmhr3KvA2dC0639kKswqD4H5b4/FOcnPtNU+qWLiXdKIqqX9twUvi5j0U1mwKE5CUsrfA==
  dependencies:
    "@types/node" "*"

"@types/ssh2@*":
  version "0.5.47"
  resolved "https://registry.npmjs.org/@types/ssh2/-/ssh2-0.5.47.tgz#67a8b35a0527b2bb668f6dea4c84be6ff1abdc19"
  integrity sha512-ZhqJg8BRV7OsCi0KVqPr27lUMMmLEeHYw1VXUNGGDlQEDq9HTsKx+wYvi8E6oNC6gRZ7PV99ZMZmMr5vztcYYA==
  dependencies:
    "@types/node" "*"
    "@types/ssh2-streams" "*"
